
Microsoft Visual Studio Solution File, Format Version 12.00
# Visual Studio 15
VisualStudioVersion = 15.0.26124.0
MinimumVisualStudioVersion = 15.0.26124.0
Project("{FAE04EC0-301F-11D3-BF4B-00C04F79EFBC}") = "API", "API\API.csproj", "{04C97328-C27F-4455-A790-6C4B6C3FD49C}"
EndProject
Project("{FAE04EC0-301F-11D3-BF4B-00C04F79EFBC}") = "Core", "Core\Core.csproj", "{1F397322-18C2-4595-8BB6-401B1C6E794E}"
EndProject
Project("{FAE04EC0-301F-11D3-BF4B-00C04F79EFBC}") = "Infrastructure", "Infrastructure\Infrastructure.csproj", "{0AF9C49C-01B8-4D2F-8408-7F7B8CA3F84F}"
EndProject
Global
	GlobalSection(SolutionConfigurationPlatforms) = preSolution
		Debug|Any CPU = Debug|Any CPU
		Debug|x64 = Debug|x64
		Debug|x86 = Debug|x86
		Release|Any CPU = Release|Any CPU
		Release|x64 = Release|x64
		Release|x86 = Release|x86
	EndGlobalSection
	GlobalSection(SolutionProperties) = preSolution
		HideSolutionNode = FALSE
	EndGlobalSection
	GlobalSection(ProjectConfigurationPlatforms) = postSolution
		{04C97328-C27F-4455-A790-6C4B6C3FD49C}.Debug|Any CPU.ActiveCfg = Debug|Any CPU
		{04C97328-C27F-4455-A790-6C4B6C3FD49C}.Debug|Any CPU.Build.0 = Debug|Any CPU
		{04C97328-C27F-4455-A790-6C4B6C3FD49C}.Debug|x64.ActiveCfg = Debug|Any CPU
		{04C97328-C27F-4455-A790-6C4B6C3FD49C}.Debug|x64.Build.0 = Debug|Any CPU
		{04C97328-C27F-4455-A790-6C4B6C3FD49C}.Debug|x86.ActiveCfg = Debug|Any CPU
		{04C97328-C27F-4455-A790-6C4B6C3FD49C}.Debug|x86.Build.0 = Debug|Any CPU
		{04C97328-C27F-4455-A790-6C4B6C3FD49C}.Release|Any CPU.ActiveCfg = Release|Any CPU
		{04C97328-C27F-4455-A790-6C4B6C3FD49C}.Release|Any CPU.Build.0 = Release|Any CPU
		{04C97328-C27F-4455-A790-6C4B6C3FD49C}.Release|x64.ActiveCfg = Release|Any CPU
		{04C97328-C27F-4455-A790-6C4B6C3FD49C}.Release|x64.Build.0 = Release|Any CPU
		{04C97328-C27F-4455-A790-6C4B6C3FD49C}.Release|x86.ActiveCfg = Release|Any CPU
		{04C97328-C27F-4455-A790-6C4B6C3FD49C}.Release|x86.Build.0 = Release|Any CPU
		{1F397322-18C2-4595-8BB6-401B1C6E794E}.Debug|Any CPU.ActiveCfg = Debug|Any CPU
		{1F397322-18C2-4595-8BB6-401B1C6E794E}.Debug|Any CPU.Build.0 = Debug|Any CPU
		{1F397322-18C2-4595-8BB6-401B1C6E794E}.Debug|x64.ActiveCfg = Debug|Any CPU
		{1F397322-18C2-4595-8BB6-401B1C6E794E}.Debug|x64.Build.0 = Debug|Any CPU
		{1F397322-18C2-4595-8BB6-401B1C6E794E}.Debug|x86.ActiveCfg = Debug|Any CPU
		{1F397322-18C2-4595-8BB6-401B1C6E794E}.Debug|x86.Build.0 = Debug|Any CPU
		{1F397322-18C2-4595-8BB6-401B1C6E794E}.Release|Any CPU.ActiveCfg = Release|Any CPU
		{1F397322-18C2-4595-8BB6-401B1C6E794E}.Release|Any CPU.Build.0 = Release|Any CPU
		{1F397322-18C2-4595-8BB6-401B1C6E794E}.Release|x64.ActiveCfg = Release|Any CPU
		{1F397322-18C2-4595-8BB6-401B1C6E794E}.Release|x64.Build.0 = Release|Any CPU
		{1F397322-18C2-4595-8BB6-401B1C6E794E}.Release|x86.ActiveCfg = Release|Any CPU
		{1F397322-18C2-4595-8BB6-401B1C6E794E}.Release|x86.Build.0 = Release|Any CPU
		{0AF9C49C-01B8-4D2F-8408-7F7B8CA3F84F}.Debug|Any CPU.ActiveCfg = Debug|Any CPU
		{0AF9C49C-01B8-4D2F-8408-7F7B8CA3F84F}.Debug|Any CPU.Build.0 = Debug|Any CPU
		{0AF9C49C-01B8-4D2F-8408-7F7B8CA3F84F}.Debug|x64.ActiveCfg = Debug|Any CPU
		{0AF9C49C-01B8-4D2F-8408-7F7B8CA3F84F}.Debug|x64.Build.0 = Debug|Any CPU
		{0AF9C49C-01B8-4D2F-8408-7F7B8CA3F84F}.Debug|x86.ActiveCfg = Debug|Any CPU
		{0AF9C49C-01B8-4D2F-8408-7F7B8CA3F84F}.Debug|x86.Build.0 = Debug|Any CPU
		{0AF9C49C-01B8-4D2F-8408-7F7B8CA3F84F}.Release|Any CPU.ActiveCfg = Release|Any CPU
		{0AF9C49C-01B8-4D2F-8408-7F7B8CA3F84F}.Release|Any CPU.Build.0 = Release|Any CPU
		{0AF9C49C-01B8-4D2F-8408-7F7B8CA3F84F}.Release|x64.ActiveCfg = Release|Any CPU
		{0AF9C49C-01B8-4D2F-8408-7F7B8CA3F84F}.Release|x64.Build.0 = Release|Any CPU
		{0AF9C49C-01B8-4D2F-8408-7F7B8CA3F84F}.Release|x86.ActiveCfg = Release|Any CPU
		{0AF9C49C-01B8-4D2F-8408-7F7B8CA3F84F}.Release|x86.Build.0 = Release|Any CPU
	EndGlobalSection
EndGlobal
